
Microsoft Visual Studio Solution File, Format Version 12.00
# Visual Studio Version 16
VisualStudioVersion = 16.0.28922.388
MinimumVisualStudioVersion = 10.0.40219.1
Project("{FAE04EC0-301F-11D3-BF4B-00C04F79EFBC}") = "MazeGenerator", "MazeGenerator\MazeGenerator.csproj", "{2873D1E5-3486-4B03-94F9-FCE648EEB502}"
EndProject
Global
	GlobalSection(SolutionConfigurationPlatforms) = preSolution
		Debug|Any CPU = Debug|Any CPU
		Release|Any CPU = Release|Any CPU
	EndGlobalSection
	GlobalSection(ProjectConfigurationPlatforms) = postSolution
		{2873D1E5-3486-4B03-94F9-FCE648EEB502}.Debug|Any CPU.ActiveCfg = Debug|Any CPU
		{2873D1E5-3486-4B03-94F9-FCE648EEB502}.Debug|Any CPU.Build.0 = Debug|Any CPU
		{2873D1E5-3486-4B03-94F9-FCE648EEB502}.Release|Any CPU.ActiveCfg = Release|Any CPU
		{2873D1E5-3486-4B03-94F9-FCE648EEB502}.Release|Any CPU.Build.0 = Release|Any CPU
	EndGlobalSection
	GlobalSection(SolutionProperties) = preSolution
		HideSolutionNode = FALSE
	EndGlobalSection
	GlobalSection(ExtensibilityGlobals) = postSolution
		SolutionGuid = {0A05D3D7-0D67-490D-BC0D-DE1C8C9B4972}
	EndGlobalSection
EndGlobal
